
Microsoft Visual Studio Solution File, Format Version 12.00
# Visual Studio Version 17
VisualStudioVersion = 17.0.31903.59
MinimumVisualStudioVersion = 10.0.40219.1
Project("{FAE04EC0-301F-11D3-BF4B-00C04F79EFBC}") = "glyph-example", "glyph-example\glyph-example.csproj", "{535AD95E-DD0C-42A2-9691-41A131716662}"
EndProject
Project("{FAE04EC0-301F-11D3-BF4B-00C04F79EFBC}") = "sqlite-example", "sqlite-example\sqlite-example.csproj", "{71D91EFD-9163-4AD0-801E-566B0FAAA9B0}"
EndProject
Global
	GlobalSection(SolutionConfigurationPlatforms) = preSolution
		Debug|Any CPU = Debug|Any CPU
		Release|Any CPU = Release|Any CPU
		Debug|x64 = Debug|x64
	EndGlobalSection
	GlobalSection(SolutionProperties) = preSolution
		HideSolutionNode = FALSE
	EndGlobalSection
	GlobalSection(ProjectConfigurationPlatforms) = postSolution
		{535AD95E-DD0C-42A2-9691-41A131716662}.Debug|Any CPU.ActiveCfg = Debug|Any CPU
		{535AD95E-DD0C-42A2-9691-41A131716662}.Debug|Any CPU.Build.0 = Debug|Any CPU
		{535AD95E-DD0C-42A2-9691-41A131716662}.Release|Any CPU.ActiveCfg = Release|Any CPU
		{535AD95E-DD0C-42A2-9691-41A131716662}.Release|Any CPU.Build.0 = Release|Any CPU
		{71D91EFD-9163-4AD0-801E-566B0FAAA9B0}.Debug|Any CPU.ActiveCfg = Debug|Any CPU
		{71D91EFD-9163-4AD0-801E-566B0FAAA9B0}.Debug|Any CPU.Build.0 = Debug|Any CPU
		{71D91EFD-9163-4AD0-801E-566B0FAAA9B0}.Release|Any CPU.ActiveCfg = Release|Any CPU
		{71D91EFD-9163-4AD0-801E-566B0FAAA9B0}.Release|Any CPU.Build.0 = Release|Any CPU
	EndGlobalSection
	GlobalSection(SolutionConfigurationPlatforms) = preSolution
		Debug|Any CPU = Debug|Any CPU
		Release|Any CPU = Release|Any CPU
		Debug|x64 = Debug|x64
	EndGlobalSection
	GlobalSection(ProjectConfigurationPlatforms) = postSolution
		{535AD95E-DD0C-42A2-9691-41A131716662}.Debug|x64.ActiveCfg = Debug|x64
		{535AD95E-DD0C-42A2-9691-41A131716662}.Debug|x64.Build.0 = Debug|x64
		{71D91EFD-9163-4AD0-801E-566B0FAAA9B0}.Debug|x64.ActiveCfg = Debug|x64
		{71D91EFD-9163-4AD0-801E-566B0FAAA9B0}.Debug|x64.Build.0 = Debug|x64
	EndGlobalSection
EndGlobal
