
Microsoft Visual Studio Solution File, Format Version 12.00
# Visual Studio Version 17
VisualStudioVersion = 17.0.31903.59
MinimumVisualStudioVersion = 10.0.40219.1
Project("{FAE04EC0-301F-11D3-BF4B-00C04F79EFBC}") = "glyph-example", "glyph-example\glyph-example.csproj", "{535AD95E-DD0C-42A2-9691-41A131716662}"
EndProject
Project("{FAE04EC0-301F-11D3-BF4B-00C04F79EFBC}") = "sqlite-example", "sqlite-example\sqlite-example.csproj", "{71D91EFD-9163-4AD0-801E-566B0FAAA9B0}"
EndProject
Project("{FAE04EC0-301F-11D3-BF4B-00C04F79EFBC}") = "ef-migrations-models", "ef-migrations-models\ef-migrations-models.csproj", "{D8FFDFA5-BCF8-43A7-BC48-ABCB45EA1850}"
EndProject
Project("{FAE04EC0-301F-11D3-BF4B-00C04F79EFBC}") = "ef-migrations-web", "ef-migrations-web\ef-migrations-web.csproj", "{5137C78E-A82A-4EF7-93E8-752FD7123386}"
EndProject
Project("{FAE04EC0-301F-11D3-BF4B-00C04F79EFBC}") = "ef-migrations", "ef-migrations\ef-migrations.csproj", "{B9FB612F-9AD0-4BFE-902B-4BE7121958DE}"
EndProject
Global
	GlobalSection(SolutionConfigurationPlatforms) = preSolution
		Debug|Any CPU = Debug|Any CPU
		Release|Any CPU = Release|Any CPU
		Debug|x64 = Debug|x64
	EndGlobalSection
	GlobalSection(SolutionProperties) = preSolution
		HideSolutionNode = FALSE
	EndGlobalSection
	GlobalSection(ProjectConfigurationPlatforms) = postSolution
		{535AD95E-DD0C-42A2-9691-41A131716662}.Debug|Any CPU.ActiveCfg = Debug|Any CPU
		{535AD95E-DD0C-42A2-9691-41A131716662}.Debug|Any CPU.Build.0 = Debug|Any CPU
		{535AD95E-DD0C-42A2-9691-41A131716662}.Release|Any CPU.ActiveCfg = Release|Any CPU
		{535AD95E-DD0C-42A2-9691-41A131716662}.Release|Any CPU.Build.0 = Release|Any CPU
		{71D91EFD-9163-4AD0-801E-566B0FAAA9B0}.Debug|Any CPU.ActiveCfg = Debug|Any CPU
		{71D91EFD-9163-4AD0-801E-566B0FAAA9B0}.Debug|Any CPU.Build.0 = Debug|Any CPU
		{71D91EFD-9163-4AD0-801E-566B0FAAA9B0}.Release|Any CPU.ActiveCfg = Release|Any CPU
		{71D91EFD-9163-4AD0-801E-566B0FAAA9B0}.Release|Any CPU.Build.0 = Release|Any CPU
		{D8FFDFA5-BCF8-43A7-BC48-ABCB45EA1850}.Debug|Any CPU.ActiveCfg = Debug|Any CPU
		{D8FFDFA5-BCF8-43A7-BC48-ABCB45EA1850}.Debug|Any CPU.Build.0 = Debug|Any CPU
		{D8FFDFA5-BCF8-43A7-BC48-ABCB45EA1850}.Release|Any CPU.ActiveCfg = Release|Any CPU
		{D8FFDFA5-BCF8-43A7-BC48-ABCB45EA1850}.Release|Any CPU.Build.0 = Release|Any CPU
		{D8FFDFA5-BCF8-43A7-BC48-ABCB45EA1850}.Debug|x64.ActiveCfg = Debug|Any CPU
		{D8FFDFA5-BCF8-43A7-BC48-ABCB45EA1850}.Debug|x64.Build.0 = Debug|Any CPU
		{5137C78E-A82A-4EF7-93E8-752FD7123386}.Debug|Any CPU.ActiveCfg = Debug|Any CPU
		{5137C78E-A82A-4EF7-93E8-752FD7123386}.Debug|Any CPU.Build.0 = Debug|Any CPU
		{5137C78E-A82A-4EF7-93E8-752FD7123386}.Release|Any CPU.ActiveCfg = Release|Any CPU
		{5137C78E-A82A-4EF7-93E8-752FD7123386}.Release|Any CPU.Build.0 = Release|Any CPU
		{5137C78E-A82A-4EF7-93E8-752FD7123386}.Debug|x64.ActiveCfg = Debug|Any CPU
		{5137C78E-A82A-4EF7-93E8-752FD7123386}.Debug|x64.Build.0 = Debug|Any CPU
		{B9FB612F-9AD0-4BFE-902B-4BE7121958DE}.Debug|Any CPU.ActiveCfg = Debug|Any CPU
		{B9FB612F-9AD0-4BFE-902B-4BE7121958DE}.Debug|Any CPU.Build.0 = Debug|Any CPU
		{B9FB612F-9AD0-4BFE-902B-4BE7121958DE}.Release|Any CPU.ActiveCfg = Release|Any CPU
		{B9FB612F-9AD0-4BFE-902B-4BE7121958DE}.Release|Any CPU.Build.0 = Release|Any CPU
		{B9FB612F-9AD0-4BFE-902B-4BE7121958DE}.Debug|x64.ActiveCfg = Debug|Any CPU
		{B9FB612F-9AD0-4BFE-902B-4BE7121958DE}.Debug|x64.Build.0 = Debug|Any CPU
	EndGlobalSection
	GlobalSection(SolutionConfigurationPlatforms) = preSolution
		Debug|Any CPU = Debug|Any CPU
		Release|Any CPU = Release|Any CPU
		Debug|x64 = Debug|x64
	EndGlobalSection
	GlobalSection(ProjectConfigurationPlatforms) = postSolution
		{535AD95E-DD0C-42A2-9691-41A131716662}.Debug|x64.ActiveCfg = Debug|x64
		{535AD95E-DD0C-42A2-9691-41A131716662}.Debug|x64.Build.0 = Debug|x64
		{71D91EFD-9163-4AD0-801E-566B0FAAA9B0}.Debug|x64.ActiveCfg = Debug|x64
		{71D91EFD-9163-4AD0-801E-566B0FAAA9B0}.Debug|x64.Build.0 = Debug|x64
	EndGlobalSection
EndGlobal
